// !$*UTF8*$!
{
	archiveVersion = 1;
	classes = {
	};
	objectVersion = 55;
	objects = {

/* Begin PBXBuildFile section */
		14172CDC28CAB53900B94391 /* NewTeetView.swift in Sources */ = {isa = PBXBuildFile; fileRef = 14172CDB28CAB53900B94391 /* NewTeetView.swift */; };
		14172CDE28CAB71000B94391 /* TextArea.swift in Sources */ = {isa = PBXBuildFile; fileRef = 14172CDD28CAB71000B94391 /* TextArea.swift */; };
		14172CE328CABA7900B94391 /* LoginView.swift in Sources */ = {isa = PBXBuildFile; fileRef = 14172CE228CABA7900B94391 /* LoginView.swift */; };
		14172CE528CABA8300B94391 /* RegistrationView.swift in Sources */ = {isa = PBXBuildFile; fileRef = 14172CE428CABA8300B94391 /* RegistrationView.swift */; };
		14172CE728CABBCB00B94391 /* RoundedShape.swift in Sources */ = {isa = PBXBuildFile; fileRef = 14172CE628CABBCB00B94391 /* RoundedShape.swift */; };
		14172CE928CABF7500B94391 /* CustomInputField.swift in Sources */ = {isa = PBXBuildFile; fileRef = 14172CE828CABF7500B94391 /* CustomInputField.swift */; };
		1456A23028CAA44B005B3CEA /* SideMenuOptionRowView.swift in Sources */ = {isa = PBXBuildFile; fileRef = 1456A22F28CAA44B005B3CEA /* SideMenuOptionRowView.swift */; };
		1456A23228CAA45E005B3CEA /* SideMenuViewModel.swift in Sources */ = {isa = PBXBuildFile; fileRef = 1456A23128CAA45E005B3CEA /* SideMenuViewModel.swift */; };
		1456A23428CAA654005B3CEA /* UserStatsView.swift in Sources */ = {isa = PBXBuildFile; fileRef = 1456A23328CAA654005B3CEA /* UserStatsView.swift */; };
		7E43B76628CA7C4B00582E90 /* MainTabView.swift in Sources */ = {isa = PBXBuildFile; fileRef = 7E43B76528CA7C4B00582E90 /* MainTabView.swift */; };
		7E43B76C28CA7DF900582E90 /* ExploreView.swift in Sources */ = {isa = PBXBuildFile; fileRef = 7E43B76B28CA7DF900582E90 /* ExploreView.swift */; };
		7E43B76E28CA7E1600582E90 /* NotificationView.swift in Sources */ = {isa = PBXBuildFile; fileRef = 7E43B76D28CA7E1600582E90 /* NotificationView.swift */; };
		7E43B77028CA7E2800582E90 /* MessagesView.swift in Sources */ = {isa = PBXBuildFile; fileRef = 7E43B76F28CA7E2800582E90 /* MessagesView.swift */; };
		7E43B77228CA7E3800582E90 /* ProfileView.swift in Sources */ = {isa = PBXBuildFile; fileRef = 7E43B77128CA7E3800582E90 /* ProfileView.swift */; };
		7E43B77628CA84AE00582E90 /* TweetFilterViewModel.swift in Sources */ = {isa = PBXBuildFile; fileRef = 7E43B77528CA84AE00582E90 /* TweetFilterViewModel.swift */; };
		7E43B77B28CA8D6500582E90 /* UserRowView.swift in Sources */ = {isa = PBXBuildFile; fileRef = 7E43B77A28CA8D6500582E90 /* UserRowView.swift */; };
		7E43B78028CA8FFD00582E90 /* SideMenuView.swift in Sources */ = {isa = PBXBuildFile; fileRef = 7E43B77F28CA8FFD00582E90 /* SideMenuView.swift */; };
		7EB9B65928C141BA001D7E8C /* TwitterCApp.swift in Sources */ = {isa = PBXBuildFile; fileRef = 7EB9B65828C141BA001D7E8C /* TwitterCApp.swift */; };
		7EB9B65B28C141BA001D7E8C /* ContentView.swift in Sources */ = {isa = PBXBuildFile; fileRef = 7EB9B65A28C141BA001D7E8C /* ContentView.swift */; };
		7EB9B65D28C141BB001D7E8C /* Assets.xcassets in Resources */ = {isa = PBXBuildFile; fileRef = 7EB9B65C28C141BB001D7E8C /* Assets.xcassets */; };
		7EB9B66028C141BB001D7E8C /* Preview Assets.xcassets in Resources */ = {isa = PBXBuildFile; fileRef = 7EB9B65F28C141BB001D7E8C /* Preview Assets.xcassets */; };
		7EB9B66F28C144D7001D7E8C /* FeedView.swift in Sources */ = {isa = PBXBuildFile; fileRef = 7EB9B66E28C144D7001D7E8C /* FeedView.swift */; };
		7EB9B67228C14697001D7E8C /* TweetRowView.swift in Sources */ = {isa = PBXBuildFile; fileRef = 7EB9B67128C14697001D7E8C /* TweetRowView.swift */; };
/* End PBXBuildFile section */

/* Begin PBXFileReference section */
		14172CDB28CAB53900B94391 /* NewTeetView.swift */ = {isa = PBXFileReference; lastKnownFileType = sourcecode.swift; path = NewTeetView.swift; sourceTree = "<group>"; };
		14172CDD28CAB71000B94391 /* TextArea.swift */ = {isa = PBXFileReference; lastKnownFileType = sourcecode.swift; path = TextArea.swift; sourceTree = "<group>"; };
		14172CE228CABA7900B94391 /* LoginView.swift */ = {isa = PBXFileReference; lastKnownFileType = sourcecode.swift; path = LoginView.swift; sourceTree = "<group>"; };
		14172CE428CABA8300B94391 /* RegistrationView.swift */ = {isa = PBXFileReference; lastKnownFileType = sourcecode.swift; path = RegistrationView.swift; sourceTree = "<group>"; };
		14172CE628CABBCB00B94391 /* RoundedShape.swift */ = {isa = PBXFileReference; lastKnownFileType = sourcecode.swift; path = RoundedShape.swift; sourceTree = "<group>"; };
		14172CE828CABF7500B94391 /* CustomInputField.swift */ = {isa = PBXFileReference; lastKnownFileType = sourcecode.swift; path = CustomInputField.swift; sourceTree = "<group>"; };
		1456A22F28CAA44B005B3CEA /* SideMenuOptionRowView.swift */ = {isa = PBXFileReference; lastKnownFileType = sourcecode.swift; path = SideMenuOptionRowView.swift; sourceTree = "<group>"; };
		1456A23128CAA45E005B3CEA /* SideMenuViewModel.swift */ = {isa = PBXFileReference; lastKnownFileType = sourcecode.swift; path = SideMenuViewModel.swift; sourceTree = "<group>"; };
		1456A23328CAA654005B3CEA /* UserStatsView.swift */ = {isa = PBXFileReference; lastKnownFileType = sourcecode.swift; path = UserStatsView.swift; sourceTree = "<group>"; };
		7E43B76528CA7C4B00582E90 /* MainTabView.swift */ = {isa = PBXFileReference; lastKnownFileType = sourcecode.swift; path = MainTabView.swift; sourceTree = "<group>"; };
		7E43B76B28CA7DF900582E90 /* ExploreView.swift */ = {isa = PBXFileReference; lastKnownFileType = sourcecode.swift; path = ExploreView.swift; sourceTree = "<group>"; };
		7E43B76D28CA7E1600582E90 /* NotificationView.swift */ = {isa = PBXFileReference; lastKnownFileType = sourcecode.swift; path = NotificationView.swift; sourceTree = "<group>"; };
		7E43B76F28CA7E2800582E90 /* MessagesView.swift */ = {isa = PBXFileReference; lastKnownFileType = sourcecode.swift; path = MessagesView.swift; sourceTree = "<group>"; };
		7E43B77128CA7E3800582E90 /* ProfileView.swift */ = {isa = PBXFileReference; lastKnownFileType = sourcecode.swift; path = ProfileView.swift; sourceTree = "<group>"; };
		7E43B77528CA84AE00582E90 /* TweetFilterViewModel.swift */ = {isa = PBXFileReference; lastKnownFileType = sourcecode.swift; path = TweetFilterViewModel.swift; sourceTree = "<group>"; };
		7E43B77A28CA8D6500582E90 /* UserRowView.swift */ = {isa = PBXFileReference; lastKnownFileType = sourcecode.swift; path = UserRowView.swift; sourceTree = "<group>"; };
		7E43B77F28CA8FFD00582E90 /* SideMenuView.swift */ = {isa = PBXFileReference; lastKnownFileType = sourcecode.swift; path = SideMenuView.swift; sourceTree = "<group>"; };
		7EB9B65528C141BA001D7E8C /* TwitterC.app */ = {isa = PBXFileReference; explicitFileType = wrapper.application; includeInIndex = 0; path = TwitterC.app; sourceTree = BUILT_PRODUCTS_DIR; };
		7EB9B65828C141BA001D7E8C /* TwitterCApp.swift */ = {isa = PBXFileReference; lastKnownFileType = sourcecode.swift; path = TwitterCApp.swift; sourceTree = "<group>"; };
		7EB9B65A28C141BA001D7E8C /* ContentView.swift */ = {isa = PBXFileReference; lastKnownFileType = sourcecode.swift; path = ContentView.swift; sourceTree = "<group>"; };
		7EB9B65C28C141BB001D7E8C /* Assets.xcassets */ = {isa = PBXFileReference; lastKnownFileType = folder.assetcatalog; path = Assets.xcassets; sourceTree = "<group>"; };
		7EB9B65F28C141BB001D7E8C /* Preview Assets.xcassets */ = {isa = PBXFileReference; lastKnownFileType = folder.assetcatalog; path = "Preview Assets.xcassets"; sourceTree = "<group>"; };
		7EB9B66E28C144D7001D7E8C /* FeedView.swift */ = {isa = PBXFileReference; lastKnownFileType = sourcecode.swift; path = FeedView.swift; sourceTree = "<group>"; };
		7EB9B67128C14697001D7E8C /* TweetRowView.swift */ = {isa = PBXFileReference; lastKnownFileType = sourcecode.swift; path = TweetRowView.swift; sourceTree = "<group>"; };
/* End PBXFileReference section */

/* Begin PBXFrameworksBuildPhase section */
		7EB9B65228C141BA001D7E8C /* Frameworks */ = {
			isa = PBXFrameworksBuildPhase;
			buildActionMask = 2147483647;
			files = (
			);
			runOnlyForDeploymentPostprocessing = 0;
		};
/* End PBXFrameworksBuildPhase section */

/* Begin PBXGroup section */
		14172CD828CAB50C00B94391 /* UploadTweet */ = {
			isa = PBXGroup;
			children = (
				14172CDA28CAB51D00B94391 /* Views */,
				14172CD928CAB51400B94391 /* ViewModels */,
			);
			path = UploadTweet;
			sourceTree = "<group>";
		};
		14172CD928CAB51400B94391 /* ViewModels */ = {
			isa = PBXGroup;
			children = (
			);
			path = ViewModels;
			sourceTree = "<group>";
		};
		14172CDA28CAB51D00B94391 /* Views */ = {
			isa = PBXGroup;
			children = (
				14172CDB28CAB53900B94391 /* NewTeetView.swift */,
			);
			path = Views;
			sourceTree = "<group>";
		};
		14172CDF28CABA3D00B94391 /* Authentication */ = {
			isa = PBXGroup;
			children = (
				14172CE028CABA4600B94391 /* ViewModels */,
				14172CE128CABA4D00B94391 /* Views */,
			);
			path = Authentication;
			sourceTree = "<group>";
		};
		14172CE028CABA4600B94391 /* ViewModels */ = {
			isa = PBXGroup;
			children = (
			);
			path = ViewModels;
			sourceTree = "<group>";
		};
		14172CE128CABA4D00B94391 /* Views */ = {
			isa = PBXGroup;
			children = (
				14172CE228CABA7900B94391 /* LoginView.swift */,
				14172CE428CABA8300B94391 /* RegistrationView.swift */,
			);
			path = Views;
			sourceTree = "<group>";
		};
		7E43B76728CA7DD000582E90 /* Explore */ = {
			isa = PBXGroup;
			children = (
				7E43B77828CA8D4100582E90 /* Views */,
				7E43B77728CA8D3B00582E90 /* ViewModels */,
			);
			path = Explore;
			sourceTree = "<group>";
		};
		7E43B76828CA7DD800582E90 /* Notifications */ = {
			isa = PBXGroup;
			children = (
				7E43B76D28CA7E1600582E90 /* NotificationView.swift */,
			);
			path = Notifications;
			sourceTree = "<group>";
		};
		7E43B76928CA7DDD00582E90 /* Messages */ = {
			isa = PBXGroup;
			children = (
				7E43B76F28CA7E2800582E90 /* MessagesView.swift */,
			);
			path = Messages;
			sourceTree = "<group>";
		};
		7E43B76A28CA7DE600582E90 /* Profile */ = {
			isa = PBXGroup;
			children = (
				7E43B77428CA7F3C00582E90 /* Views */,
				7E43B77328CA7F3300582E90 /* ViewModels */,
			);
			path = Profile;
			sourceTree = "<group>";
		};
		7E43B77328CA7F3300582E90 /* ViewModels */ = {
			isa = PBXGroup;
			children = (
				7E43B77528CA84AE00582E90 /* TweetFilterViewModel.swift */,
			);
			path = ViewModels;
			sourceTree = "<group>";
		};
		7E43B77428CA7F3C00582E90 /* Views */ = {
			isa = PBXGroup;
			children = (
				7E43B77128CA7E3800582E90 /* ProfileView.swift */,
			);
			path = Views;
			sourceTree = "<group>";
		};
		7E43B77728CA8D3B00582E90 /* ViewModels */ = {
			isa = PBXGroup;
			children = (
			);
			path = ViewModels;
			sourceTree = "<group>";
		};
		7E43B77828CA8D4100582E90 /* Views */ = {
			isa = PBXGroup;
			children = (
				7E43B76B28CA7DF900582E90 /* ExploreView.swift */,
			);
			path = Views;
			sourceTree = "<group>";
		};
		7E43B77928CA8D5700582E90 /* Users */ = {
			isa = PBXGroup;
			children = (
				7E43B77A28CA8D6500582E90 /* UserRowView.swift */,
				1456A23328CAA654005B3CEA /* UserStatsView.swift */,
			);
			path = Users;
			sourceTree = "<group>";
		};
		7E43B77C28CA8FB400582E90 /* SideMenu */ = {
			isa = PBXGroup;
			children = (
				7E43B77D28CA8FC000582E90 /* ViewModels */,
				7E43B77E28CA8FF200582E90 /* Views */,
			);
			path = SideMenu;
			sourceTree = "<group>";
		};
		7E43B77D28CA8FC000582E90 /* ViewModels */ = {
			isa = PBXGroup;
			children = (
				1456A23128CAA45E005B3CEA /* SideMenuViewModel.swift */,
			);
			path = ViewModels;
			sourceTree = "<group>";
		};
		7E43B77E28CA8FF200582E90 /* Views */ = {
			isa = PBXGroup;
			children = (
				7E43B77F28CA8FFD00582E90 /* SideMenuView.swift */,
				1456A22F28CAA44B005B3CEA /* SideMenuOptionRowView.swift */,
			);
			path = Views;
			sourceTree = "<group>";
		};
		7EB9B64C28C141BA001D7E8C = {
			isa = PBXGroup;
			children = (
				7EB9B65728C141BA001D7E8C /* TwitterC */,
				7EB9B65628C141BA001D7E8C /* Products */,
			);
			sourceTree = "<group>";
		};
		7EB9B65628C141BA001D7E8C /* Products */ = {
			isa = PBXGroup;
			children = (
				7EB9B65528C141BA001D7E8C /* TwitterC.app */,
			);
			name = Products;
			sourceTree = "<group>";
		};
		7EB9B65728C141BA001D7E8C /* TwitterC */ = {
			isa = PBXGroup;
			children = (
				7EB9B66928C14212001D7E8C /* Service */,
				7EB9B66828C14208001D7E8C /* Model */,
				7EB9B66728C141FF001D7E8C /* Extensions */,
				7EB9B66628C141E9001D7E8C /* Core */,
				7EB9B65828C141BA001D7E8C /* TwitterCApp.swift */,
				7EB9B65A28C141BA001D7E8C /* ContentView.swift */,
				7EB9B65C28C141BB001D7E8C /* Assets.xcassets */,
				7EB9B65E28C141BB001D7E8C /* Preview Content */,
			);
			path = TwitterC;
			sourceTree = "<group>";
		};
		7EB9B65E28C141BB001D7E8C /* Preview Content */ = {
			isa = PBXGroup;
			children = (
				7EB9B65F28C141BB001D7E8C /* Preview Assets.xcassets */,
			);
			path = "Preview Content";
			sourceTree = "<group>";
		};
		7EB9B66628C141E9001D7E8C /* Core */ = {
			isa = PBXGroup;
			children = (
				7EB9B66A28C1421B001D7E8C /* Components */,
				14172CDF28CABA3D00B94391 /* Authentication */,
				14172CD828CAB50C00B94391 /* UploadTweet */,
				7E43B77C28CA8FB400582E90 /* SideMenu */,
				7E43B76A28CA7DE600582E90 /* Profile */,
				7E43B76728CA7DD000582E90 /* Explore */,
				7E43B76828CA7DD800582E90 /* Notifications */,
				7E43B76928CA7DDD00582E90 /* Messages */,
				7EB9B67328CA7C05001D7E8C /* MainTab */,
				7EB9B66B28C14222001D7E8C /* Feed */,
			);
			path = Core;
			sourceTree = "<group>";
		};
		7EB9B66728C141FF001D7E8C /* Extensions */ = {
			isa = PBXGroup;
			children = (
			);
			path = Extensions;
			sourceTree = "<group>";
		};
		7EB9B66828C14208001D7E8C /* Model */ = {
			isa = PBXGroup;
			children = (
			);
			path = Model;
			sourceTree = "<group>";
		};
		7EB9B66928C14212001D7E8C /* Service */ = {
			isa = PBXGroup;
			children = (
			);
			path = Service;
			sourceTree = "<group>";
		};
		7EB9B66A28C1421B001D7E8C /* Components */ = {
			isa = PBXGroup;
			children = (
				7E43B77928CA8D5700582E90 /* Users */,
				7EB9B67028C14623001D7E8C /* Tweets */,
			);
			path = Components;
			sourceTree = "<group>";
		};
		7EB9B66B28C14222001D7E8C /* Feed */ = {
			isa = PBXGroup;
			children = (
				7EB9B66D28C144AB001D7E8C /* View */,
				7EB9B66C28C144A5001D7E8C /* ViewModel */,
			);
			path = Feed;
			sourceTree = "<group>";
		};
		7EB9B66C28C144A5001D7E8C /* ViewModel */ = {
			isa = PBXGroup;
			children = (
			);
			path = ViewModel;
			sourceTree = "<group>";
		};
		7EB9B66D28C144AB001D7E8C /* View */ = {
			isa = PBXGroup;
			children = (
				7EB9B66E28C144D7001D7E8C /* FeedView.swift */,
			);
			path = View;
			sourceTree = "<group>";
		};
		7EB9B67028C14623001D7E8C /* Tweets */ = {
			isa = PBXGroup;
			children = (
				7EB9B67128C14697001D7E8C /* TweetRowView.swift */,
				14172CDD28CAB71000B94391 /* TextArea.swift */,
				14172CE628CABBCB00B94391 /* RoundedShape.swift */,
				14172CE828CABF7500B94391 /* CustomInputField.swift */,
			);
			path = Tweets;
			sourceTree = "<group>";
		};
		7EB9B67328CA7C05001D7E8C /* MainTab */ = {
			isa = PBXGroup;
			children = (
				7E43B76528CA7C4B00582E90 /* MainTabView.swift */,
			);
			path = MainTab;
			sourceTree = "<group>";
		};
/* End PBXGroup section */

/* Begin PBXNativeTarget section */
		7EB9B65428C141BA001D7E8C /* TwitterC */ = {
			isa = PBXNativeTarget;
			buildConfigurationList = 7EB9B66328C141BB001D7E8C /* Build configuration list for PBXNativeTarget "TwitterC" */;
			buildPhases = (
				7EB9B65128C141BA001D7E8C /* Sources */,
				7EB9B65228C141BA001D7E8C /* Frameworks */,
				7EB9B65328C141BA001D7E8C /* Resources */,
			);
			buildRules = (
			);
			dependencies = (
			);
			name = TwitterC;
			productName = TwitterC;
			productReference = 7EB9B65528C141BA001D7E8C /* TwitterC.app */;
			productType = "com.apple.product-type.application";
		};
/* End PBXNativeTarget section */

/* Begin PBXProject section */
		7EB9B64D28C141BA001D7E8C /* Project object */ = {
			isa = PBXProject;
			attributes = {
				BuildIndependentTargetsInParallel = 1;
				LastSwiftUpdateCheck = 1340;
				LastUpgradeCheck = 1340;
				TargetAttributes = {
					7EB9B65428C141BA001D7E8C = {
						CreatedOnToolsVersion = 13.4.1;
					};
				};
			};
			buildConfigurationList = 7EB9B65028C141BA001D7E8C /* Build configuration list for PBXProject "TwitterC" */;
			compatibilityVersion = "Xcode 13.0";
			developmentRegion = en;
			hasScannedForEncodings = 0;
			knownRegions = (
				en,
				Base,
			);
			mainGroup = 7EB9B64C28C141BA001D7E8C;
			productRefGroup = 7EB9B65628C141BA001D7E8C /* Products */;
			projectDirPath = "";
			projectRoot = "";
			targets = (
				7EB9B65428C141BA001D7E8C /* TwitterC */,
			);
		};
/* End PBXProject section */

/* Begin PBXResourcesBuildPhase section */
		7EB9B65328C141BA001D7E8C /* Resources */ = {
			isa = PBXResourcesBuildPhase;
			buildActionMask = 2147483647;
			files = (
				7EB9B66028C141BB001D7E8C /* Preview Assets.xcassets in Resources */,
				7EB9B65D28C141BB001D7E8C /* Assets.xcassets in Resources */,
			);
			runOnlyForDeploymentPostprocessing = 0;
		};
/* End PBXResourcesBuildPhase section */

/* Begin PBXSourcesBuildPhase section */
		7EB9B65128C141BA001D7E8C /* Sources */ = {
			isa = PBXSourcesBuildPhase;
			buildActionMask = 2147483647;
			files = (
				7E43B77028CA7E2800582E90 /* MessagesView.swift in Sources */,
				7E43B77228CA7E3800582E90 /* ProfileView.swift in Sources */,
				7EB9B65B28C141BA001D7E8C /* ContentView.swift in Sources */,
				14172CDC28CAB53900B94391 /* NewTeetView.swift in Sources */,
				14172CE928CABF7500B94391 /* CustomInputField.swift in Sources */,
				1456A23028CAA44B005B3CEA /* SideMenuOptionRowView.swift in Sources */,
				7EB9B67228C14697001D7E8C /* TweetRowView.swift in Sources */,
				7E43B77628CA84AE00582E90 /* TweetFilterViewModel.swift in Sources */,
				7E43B76E28CA7E1600582E90 /* NotificationView.swift in Sources */,
				7E43B78028CA8FFD00582E90 /* SideMenuView.swift in Sources */,
				7E43B76C28CA7DF900582E90 /* ExploreView.swift in Sources */,
				14172CDE28CAB71000B94391 /* TextArea.swift in Sources */,
				7EB9B66F28C144D7001D7E8C /* FeedView.swift in Sources */,
				14172CE328CABA7900B94391 /* LoginView.swift in Sources */,
				14172CE528CABA8300B94391 /* RegistrationView.swift in Sources */,
				1456A23228CAA45E005B3CEA /* SideMenuViewModel.swift in Sources */,
				14172CE728CABBCB00B94391 /* RoundedShape.swift in Sources */,
				7E43B77B28CA8D6500582E90 /* UserRowView.swift in Sources */,
				7EB9B65928C141BA001D7E8C /* TwitterCApp.swift in Sources */,
				7E43B76628CA7C4B00582E90 /* MainTabView.swift in Sources */,
				1456A23428CAA654005B3CEA /* UserStatsView.swift in Sources */,
			);
			runOnlyForDeploymentPostprocessing = 0;
		};
/* End PBXSourcesBuildPhase section */

/* Begin XCBuildConfiguration section */
		7EB9B66128C141BB001D7E8C /* Debug */ = {
			isa = XCBuildConfiguration;
			buildSettings = {
				ALWAYS_SEARCH_USER_PATHS = NO;
				CLANG_ANALYZER_NONNULL = YES;
				CLANG_ANALYZER_NUMBER_OBJECT_CONVERSION = YES_AGGRESSIVE;
				CLANG_CXX_LANGUAGE_STANDARD = "gnu++17";
				CLANG_ENABLE_MODULES = YES;
				CLANG_ENABLE_OBJC_ARC = YES;
				CLANG_ENABLE_OBJC_WEAK = YES;
				CLANG_WARN_BLOCK_CAPTURE_AUTORELEASING = YES;
				CLANG_WARN_BOOL_CONVERSION = YES;
				CLANG_WARN_COMMA = YES;
				CLANG_WARN_CONSTANT_CONVERSION = YES;
				CLANG_WARN_DEPRECATED_OBJC_IMPLEMENTATIONS = YES;
				CLANG_WARN_DIRECT_OBJC_ISA_USAGE = YES_ERROR;
				CLANG_WARN_DOCUMENTATION_COMMENTS = YES;
				CLANG_WARN_EMPTY_BODY = YES;
				CLANG_WARN_ENUM_CONVERSION = YES;
				CLANG_WARN_INFINITE_RECURSION = YES;
				CLANG_WARN_INT_CONVERSION = YES;
				CLANG_WARN_NON_LITERAL_NULL_CONVERSION = YES;
				CLANG_WARN_OBJC_IMPLICIT_RETAIN_SELF = YES;
				CLANG_WARN_OBJC_LITERAL_CONVERSION = YES;
				CLANG_WARN_OBJC_ROOT_CLASS = YES_ERROR;
				CLANG_WARN_QUOTED_INCLUDE_IN_FRAMEWORK_HEADER = YES;
				CLANG_WARN_RANGE_LOOP_ANALYSIS = YES;
				CLANG_WARN_STRICT_PROTOTYPES = YES;
				CLANG_WARN_SUSPICIOUS_MOVE = YES;
				CLANG_WARN_UNGUARDED_AVAILABILITY = YES_AGGRESSIVE;
				CLANG_WARN_UNREACHABLE_CODE = YES;
				CLANG_WARN__DUPLICATE_METHOD_MATCH = YES;
				COPY_PHASE_STRIP = NO;
				DEBUG_INFORMATION_FORMAT = dwarf;
				ENABLE_STRICT_OBJC_MSGSEND = YES;
				ENABLE_TESTABILITY = YES;
				GCC_C_LANGUAGE_STANDARD = gnu11;
				GCC_DYNAMIC_NO_PIC = NO;
				GCC_NO_COMMON_BLOCKS = YES;
				GCC_OPTIMIZATION_LEVEL = 0;
				GCC_PREPROCESSOR_DEFINITIONS = (
					"DEBUG=1",
					"$(inherited)",
				);
				GCC_WARN_64_TO_32_BIT_CONVERSION = YES;
				GCC_WARN_ABOUT_RETURN_TYPE = YES_ERROR;
				GCC_WARN_UNDECLARED_SELECTOR = YES;
				GCC_WARN_UNINITIALIZED_AUTOS = YES_AGGRESSIVE;
				GCC_WARN_UNUSED_FUNCTION = YES;
				GCC_WARN_UNUSED_VARIABLE = YES;
				IPHONEOS_DEPLOYMENT_TARGET = 15.5;
				MTL_ENABLE_DEBUG_INFO = INCLUDE_SOURCE;
				MTL_FAST_MATH = YES;
				ONLY_ACTIVE_ARCH = YES;
				SDKROOT = iphoneos;
				SWIFT_ACTIVE_COMPILATION_CONDITIONS = DEBUG;
				SWIFT_OPTIMIZATION_LEVEL = "-Onone";
			};
			name = Debug;
		};
		7EB9B66228C141BB001D7E8C /* Release */ = {
			isa = XCBuildConfiguration;
			buildSettings = {
				ALWAYS_SEARCH_USER_PATHS = NO;
				CLANG_ANALYZER_NONNULL = YES;
				CLANG_ANALYZER_NUMBER_OBJECT_CONVERSION = YES_AGGRESSIVE;
				CLANG_CXX_LANGUAGE_STANDARD = "gnu++17";
				CLANG_ENABLE_MODULES = YES;
				CLANG_ENABLE_OBJC_ARC = YES;
				CLANG_ENABLE_OBJC_WEAK = YES;
				CLANG_WARN_BLOCK_CAPTURE_AUTORELEASING = YES;
				CLANG_WARN_BOOL_CONVERSION = YES;
				CLANG_WARN_COMMA = YES;
				CLANG_WARN_CONSTANT_CONVERSION = YES;
				CLANG_WARN_DEPRECATED_OBJC_IMPLEMENTATIONS = YES;
				CLANG_WARN_DIRECT_OBJC_ISA_USAGE = YES_ERROR;
				CLANG_WARN_DOCUMENTATION_COMMENTS = YES;
				CLANG_WARN_EMPTY_BODY = YES;
				CLANG_WARN_ENUM_CONVERSION = YES;
				CLANG_WARN_INFINITE_RECURSION = YES;
				CLANG_WARN_INT_CONVERSION = YES;
				CLANG_WARN_NON_LITERAL_NULL_CONVERSION = YES;
				CLANG_WARN_OBJC_IMPLICIT_RETAIN_SELF = YES;
				CLANG_WARN_OBJC_LITERAL_CONVERSION = YES;
				CLANG_WARN_OBJC_ROOT_CLASS = YES_ERROR;
				CLANG_WARN_QUOTED_INCLUDE_IN_FRAMEWORK_HEADER = YES;
				CLANG_WARN_RANGE_LOOP_ANALYSIS = YES;
				CLANG_WARN_STRICT_PROTOTYPES = YES;
				CLANG_WARN_SUSPICIOUS_MOVE = YES;
				CLANG_WARN_UNGUARDED_AVAILABILITY = YES_AGGRESSIVE;
				CLANG_WARN_UNREACHABLE_CODE = YES;
				CLANG_WARN__DUPLICATE_METHOD_MATCH = YES;
				COPY_PHASE_STRIP = NO;
				DEBUG_INFORMATION_FORMAT = "dwarf-with-dsym";
				ENABLE_NS_ASSERTIONS = NO;
				ENABLE_STRICT_OBJC_MSGSEND = YES;
				GCC_C_LANGUAGE_STANDARD = gnu11;
				GCC_NO_COMMON_BLOCKS = YES;
				GCC_WARN_64_TO_32_BIT_CONVERSION = YES;
				GCC_WARN_ABOUT_RETURN_TYPE = YES_ERROR;
				GCC_WARN_UNDECLARED_SELECTOR = YES;
				GCC_WARN_UNINITIALIZED_AUTOS = YES_AGGRESSIVE;
				GCC_WARN_UNUSED_FUNCTION = YES;
				GCC_WARN_UNUSED_VARIABLE = YES;
				IPHONEOS_DEPLOYMENT_TARGET = 15.5;
				MTL_ENABLE_DEBUG_INFO = NO;
				MTL_FAST_MATH = YES;
				SDKROOT = iphoneos;
				SWIFT_COMPILATION_MODE = wholemodule;
				SWIFT_OPTIMIZATION_LEVEL = "-O";
				VALIDATE_PRODUCT = YES;
			};
			name = Release;
		};
		7EB9B66428C141BB001D7E8C /* Debug */ = {
			isa = XCBuildConfiguration;
			buildSettings = {
				ASSETCATALOG_COMPILER_APPICON_NAME = AppIcon;
				ASSETCATALOG_COMPILER_GLOBAL_ACCENT_COLOR_NAME = AccentColor;
				CODE_SIGN_STYLE = Automatic;
				CURRENT_PROJECT_VERSION = 1;
				DEVELOPMENT_ASSET_PATHS = "\"TwitterC/Preview Content\"";
				ENABLE_PREVIEWS = YES;
				GENERATE_INFOPLIST_FILE = YES;
				INFOPLIST_KEY_UIApplicationSceneManifest_Generation = YES;
				INFOPLIST_KEY_UIApplicationSupportsIndirectInputEvents = YES;
				INFOPLIST_KEY_UILaunchScreen_Generation = YES;
				INFOPLIST_KEY_UISupportedInterfaceOrientations_iPad = "UIInterfaceOrientationPortrait UIInterfaceOrientationPortraitUpsideDown UIInterfaceOrientationLandscapeLeft UIInterfaceOrientationLandscapeRight";
				INFOPLIST_KEY_UISupportedInterfaceOrientations_iPhone = "UIInterfaceOrientationPortrait UIInterfaceOrientationLandscapeLeft UIInterfaceOrientationLandscapeRight";
				LD_RUNPATH_SEARCH_PATHS = (
					"$(inherited)",
					"@executable_path/Frameworks",
				);
				MARKETING_VERSION = 1.0;
				PRODUCT_BUNDLE_IDENTIFIER = dev.aigonzalez.TwitterC;
				PRODUCT_NAME = "$(TARGET_NAME)";
				SWIFT_EMIT_LOC_STRINGS = YES;
				SWIFT_VERSION = 5.0;
				TARGETED_DEVICE_FAMILY = "1,2";
			};
			name = Debug;
		};
		7EB9B66528C141BB001D7E8C /* Release */ = {
			isa = XCBuildConfiguration;
			buildSettings = {
				ASSETCATALOG_COMPILER_APPICON_NAME = AppIcon;
				ASSETCATALOG_COMPILER_GLOBAL_ACCENT_COLOR_NAME = AccentColor;
				CODE_SIGN_STYLE = Automatic;
				CURRENT_PROJECT_VERSION = 1;
				DEVELOPMENT_ASSET_PATHS = "\"TwitterC/Preview Content\"";
				ENABLE_PREVIEWS = YES;
				GENERATE_INFOPLIST_FILE = YES;
				INFOPLIST_KEY_UIApplicationSceneManifest_Generation = YES;
				INFOPLIST_KEY_UIApplicationSupportsIndirectInputEvents = YES;
				INFOPLIST_KEY_UILaunchScreen_Generation = YES;
				INFOPLIST_KEY_UISupportedInterfaceOrientations_iPad = "UIInterfaceOrientationPortrait UIInterfaceOrientationPortraitUpsideDown UIInterfaceOrientationLandscapeLeft UIInterfaceOrientationLandscapeRight";
				INFOPLIST_KEY_UISupportedInterfaceOrientations_iPhone = "UIInterfaceOrientationPortrait UIInterfaceOrientationLandscapeLeft UIInterfaceOrientationLandscapeRight";
				LD_RUNPATH_SEARCH_PATHS = (
					"$(inherited)",
					"@executable_path/Frameworks",
				);
				MARKETING_VERSION = 1.0;
				PRODUCT_BUNDLE_IDENTIFIER = dev.aigonzalez.TwitterC;
				PRODUCT_NAME = "$(TARGET_NAME)";
				SWIFT_EMIT_LOC_STRINGS = YES;
				SWIFT_VERSION = 5.0;
				TARGETED_DEVICE_FAMILY = "1,2";
			};
			name = Release;
		};
/* End XCBuildConfiguration section */

/* Begin XCConfigurationList section */
		7EB9B65028C141BA001D7E8C /* Build configuration list for PBXProject "TwitterC" */ = {
			isa = XCConfigurationList;
			buildConfigurations = (
				7EB9B66128C141BB001D7E8C /* Debug */,
				7EB9B66228C141BB001D7E8C /* Release */,
			);
			defaultConfigurationIsVisible = 0;
			defaultConfigurationName = Release;
		};
		7EB9B66328C141BB001D7E8C /* Build configuration list for PBXNativeTarget "TwitterC" */ = {
			isa = XCConfigurationList;
			buildConfigurations = (
				7EB9B66428C141BB001D7E8C /* Debug */,
				7EB9B66528C141BB001D7E8C /* Release */,
			);
			defaultConfigurationIsVisible = 0;
			defaultConfigurationName = Release;
		};
/* End XCConfigurationList section */
	};
	rootObject = 7EB9B64D28C141BA001D7E8C /* Project object */;
}
