// !$*UTF8*$!
{
	archiveVersion = 1;
	classes = {
	};
	objectVersion = 55;
	objects = {

/* Begin PBXBuildFile section */
		7E43B7A928CB6E2800582E90 /* MessagesView.swift in Sources */ = {isa = PBXBuildFile; fileRef = 7E43B78328CB6E2800582E90 /* MessagesView.swift */; };
		7E43B7AA28CB6E2800582E90 /* ExploreView.swift in Sources */ = {isa = PBXBuildFile; fileRef = 7E43B78628CB6E2800582E90 /* ExploreView.swift */; };
		7E43B7AB28CB6E2800582E90 /* TextArea.swift in Sources */ = {isa = PBXBuildFile; fileRef = 7E43B78928CB6E2800582E90 /* TextArea.swift */; };
		7E43B7AC28CB6E2800582E90 /* TweetRowView.swift in Sources */ = {isa = PBXBuildFile; fileRef = 7E43B78A28CB6E2800582E90 /* TweetRowView.swift */; };
		7E43B7AD28CB6E2800582E90 /* RoundedShape.swift in Sources */ = {isa = PBXBuildFile; fileRef = 7E43B78B28CB6E2800582E90 /* RoundedShape.swift */; };
		7E43B7AE28CB6E2800582E90 /* CustomInputField.swift in Sources */ = {isa = PBXBuildFile; fileRef = 7E43B78C28CB6E2800582E90 /* CustomInputField.swift */; };
		7E43B7AF28CB6E2800582E90 /* UserRowView.swift in Sources */ = {isa = PBXBuildFile; fileRef = 7E43B78E28CB6E2800582E90 /* UserRowView.swift */; };
		7E43B7B028CB6E2800582E90 /* UserStatsView.swift in Sources */ = {isa = PBXBuildFile; fileRef = 7E43B78F28CB6E2800582E90 /* UserStatsView.swift */; };
		7E43B7B128CB6E2800582E90 /* TweetFilterViewModel.swift in Sources */ = {isa = PBXBuildFile; fileRef = 7E43B79228CB6E2800582E90 /* TweetFilterViewModel.swift */; };
		7E43B7B228CB6E2800582E90 /* ProfileView.swift in Sources */ = {isa = PBXBuildFile; fileRef = 7E43B79428CB6E2800582E90 /* ProfileView.swift */; };
		7E43B7B328CB6E2800582E90 /* FeedView.swift in Sources */ = {isa = PBXBuildFile; fileRef = 7E43B79728CB6E2800582E90 /* FeedView.swift */; };
		7E43B7B428CB6E2800582E90 /* SideMenuViewModel.swift in Sources */ = {isa = PBXBuildFile; fileRef = 7E43B79A28CB6E2800582E90 /* SideMenuViewModel.swift */; };
		7E43B7B528CB6E2800582E90 /* SideMenuOptionRowView.swift in Sources */ = {isa = PBXBuildFile; fileRef = 7E43B79C28CB6E2800582E90 /* SideMenuOptionRowView.swift */; };
		7E43B7B628CB6E2800582E90 /* SideMenuView.swift in Sources */ = {isa = PBXBuildFile; fileRef = 7E43B79D28CB6E2800582E90 /* SideMenuView.swift */; };
		7E43B7B728CB6E2800582E90 /* MainTabView.swift in Sources */ = {isa = PBXBuildFile; fileRef = 7E43B79F28CB6E2800582E90 /* MainTabView.swift */; };
		7E43B7B828CB6E2800582E90 /* RegistrationView.swift in Sources */ = {isa = PBXBuildFile; fileRef = 7E43B7A228CB6E2800582E90 /* RegistrationView.swift */; };
		7E43B7B928CB6E2800582E90 /* LoginView.swift in Sources */ = {isa = PBXBuildFile; fileRef = 7E43B7A328CB6E2800582E90 /* LoginView.swift */; };
		7E43B7BA28CB6E2800582E90 /* NotificationView.swift in Sources */ = {isa = PBXBuildFile; fileRef = 7E43B7A528CB6E2800582E90 /* NotificationView.swift */; };
		7E43B7BB28CB6E2800582E90 /* NewTeetView.swift in Sources */ = {isa = PBXBuildFile; fileRef = 7E43B7A828CB6E2800582E90 /* NewTeetView.swift */; };
		7E43B7BE28CB755100582E90 /* AuthHeaderView.swift in Sources */ = {isa = PBXBuildFile; fileRef = 7E43B7BD28CB755100582E90 /* AuthHeaderView.swift */; };
		7E43B7C028CB78DE00582E90 /* GoogleService-Info.plist in Resources */ = {isa = PBXBuildFile; fileRef = 7E43B7BF28CB78DE00582E90 /* GoogleService-Info.plist */; };
		7EAB2FE328CB7C2F00C22951 /* FirebaseAuth in Frameworks */ = {isa = PBXBuildFile; productRef = 7EAB2FE228CB7C2F00C22951 /* FirebaseAuth */; };
		7EAB2FE528CB7C2F00C22951 /* FirebaseFirestore in Frameworks */ = {isa = PBXBuildFile; productRef = 7EAB2FE428CB7C2F00C22951 /* FirebaseFirestore */; };
		7EAB2FE728CB7C2F00C22951 /* FirebaseFirestoreSwift in Frameworks */ = {isa = PBXBuildFile; productRef = 7EAB2FE628CB7C2F00C22951 /* FirebaseFirestoreSwift */; };
		7EAB2FE928CB7C2F00C22951 /* FirebaseStorage in Frameworks */ = {isa = PBXBuildFile; productRef = 7EAB2FE828CB7C2F00C22951 /* FirebaseStorage */; };
		7EAB2FEC28CB80B800C22951 /* AuthViewModel.swift in Sources */ = {isa = PBXBuildFile; fileRef = 7EAB2FEB28CB80B800C22951 /* AuthViewModel.swift */; };
		7EAB2FEE28CB9AA900C22951 /* ProfilePhotoSelectorView.swift in Sources */ = {isa = PBXBuildFile; fileRef = 7EAB2FED28CB9AA900C22951 /* ProfilePhotoSelectorView.swift */; };
		7EAB2FF128CBCBCC00C22951 /* ImagePicker.swift in Sources */ = {isa = PBXBuildFile; fileRef = 7EAB2FF028CBCBCC00C22951 /* ImagePicker.swift */; };
		7EAB2FF428CBDB8D00C22951 /* ImageUploader.swift in Sources */ = {isa = PBXBuildFile; fileRef = 7EAB2FF328CBDB8D00C22951 /* ImageUploader.swift */; };
		7EB9B65928C141BA001D7E8C /* TwitterCApp.swift in Sources */ = {isa = PBXBuildFile; fileRef = 7EB9B65828C141BA001D7E8C /* TwitterCApp.swift */; };
		7EB9B65B28C141BA001D7E8C /* ContentView.swift in Sources */ = {isa = PBXBuildFile; fileRef = 7EB9B65A28C141BA001D7E8C /* ContentView.swift */; };
		7EB9B65D28C141BB001D7E8C /* Assets.xcassets in Resources */ = {isa = PBXBuildFile; fileRef = 7EB9B65C28C141BB001D7E8C /* Assets.xcassets */; };
		7EB9B66028C141BB001D7E8C /* Preview Assets.xcassets in Resources */ = {isa = PBXBuildFile; fileRef = 7EB9B65F28C141BB001D7E8C /* Preview Assets.xcassets */; };
/* End PBXBuildFile section */

/* Begin PBXFileReference section */
		7E43B78328CB6E2800582E90 /* MessagesView.swift */ = {isa = PBXFileReference; fileEncoding = 4; lastKnownFileType = sourcecode.swift; path = MessagesView.swift; sourceTree = "<group>"; };
		7E43B78628CB6E2800582E90 /* ExploreView.swift */ = {isa = PBXFileReference; fileEncoding = 4; lastKnownFileType = sourcecode.swift; path = ExploreView.swift; sourceTree = "<group>"; };
		7E43B78928CB6E2800582E90 /* TextArea.swift */ = {isa = PBXFileReference; fileEncoding = 4; lastKnownFileType = sourcecode.swift; path = TextArea.swift; sourceTree = "<group>"; };
		7E43B78A28CB6E2800582E90 /* TweetRowView.swift */ = {isa = PBXFileReference; fileEncoding = 4; lastKnownFileType = sourcecode.swift; path = TweetRowView.swift; sourceTree = "<group>"; };
		7E43B78B28CB6E2800582E90 /* RoundedShape.swift */ = {isa = PBXFileReference; fileEncoding = 4; lastKnownFileType = sourcecode.swift; path = RoundedShape.swift; sourceTree = "<group>"; };
		7E43B78C28CB6E2800582E90 /* CustomInputField.swift */ = {isa = PBXFileReference; fileEncoding = 4; lastKnownFileType = sourcecode.swift; path = CustomInputField.swift; sourceTree = "<group>"; };
		7E43B78E28CB6E2800582E90 /* UserRowView.swift */ = {isa = PBXFileReference; fileEncoding = 4; lastKnownFileType = sourcecode.swift; path = UserRowView.swift; sourceTree = "<group>"; };
		7E43B78F28CB6E2800582E90 /* UserStatsView.swift */ = {isa = PBXFileReference; fileEncoding = 4; lastKnownFileType = sourcecode.swift; path = UserStatsView.swift; sourceTree = "<group>"; };
		7E43B79228CB6E2800582E90 /* TweetFilterViewModel.swift */ = {isa = PBXFileReference; fileEncoding = 4; lastKnownFileType = sourcecode.swift; path = TweetFilterViewModel.swift; sourceTree = "<group>"; };
		7E43B79428CB6E2800582E90 /* ProfileView.swift */ = {isa = PBXFileReference; fileEncoding = 4; lastKnownFileType = sourcecode.swift; path = ProfileView.swift; sourceTree = "<group>"; };
		7E43B79728CB6E2800582E90 /* FeedView.swift */ = {isa = PBXFileReference; fileEncoding = 4; lastKnownFileType = sourcecode.swift; path = FeedView.swift; sourceTree = "<group>"; };
		7E43B79A28CB6E2800582E90 /* SideMenuViewModel.swift */ = {isa = PBXFileReference; fileEncoding = 4; lastKnownFileType = sourcecode.swift; path = SideMenuViewModel.swift; sourceTree = "<group>"; };
		7E43B79C28CB6E2800582E90 /* SideMenuOptionRowView.swift */ = {isa = PBXFileReference; fileEncoding = 4; lastKnownFileType = sourcecode.swift; path = SideMenuOptionRowView.swift; sourceTree = "<group>"; };
		7E43B79D28CB6E2800582E90 /* SideMenuView.swift */ = {isa = PBXFileReference; fileEncoding = 4; lastKnownFileType = sourcecode.swift; path = SideMenuView.swift; sourceTree = "<group>"; };
		7E43B79F28CB6E2800582E90 /* MainTabView.swift */ = {isa = PBXFileReference; fileEncoding = 4; lastKnownFileType = sourcecode.swift; path = MainTabView.swift; sourceTree = "<group>"; };
		7E43B7A228CB6E2800582E90 /* RegistrationView.swift */ = {isa = PBXFileReference; fileEncoding = 4; lastKnownFileType = sourcecode.swift; path = RegistrationView.swift; sourceTree = "<group>"; };
		7E43B7A328CB6E2800582E90 /* LoginView.swift */ = {isa = PBXFileReference; fileEncoding = 4; lastKnownFileType = sourcecode.swift; path = LoginView.swift; sourceTree = "<group>"; };
		7E43B7A528CB6E2800582E90 /* NotificationView.swift */ = {isa = PBXFileReference; fileEncoding = 4; lastKnownFileType = sourcecode.swift; path = NotificationView.swift; sourceTree = "<group>"; };
		7E43B7A828CB6E2800582E90 /* NewTeetView.swift */ = {isa = PBXFileReference; fileEncoding = 4; lastKnownFileType = sourcecode.swift; path = NewTeetView.swift; sourceTree = "<group>"; };
		7E43B7BD28CB755100582E90 /* AuthHeaderView.swift */ = {isa = PBXFileReference; lastKnownFileType = sourcecode.swift; path = AuthHeaderView.swift; sourceTree = "<group>"; };
		7E43B7BF28CB78DE00582E90 /* GoogleService-Info.plist */ = {isa = PBXFileReference; fileEncoding = 4; lastKnownFileType = text.plist.xml; path = "GoogleService-Info.plist"; sourceTree = "<group>"; };
		7EAB2FEB28CB80B800C22951 /* AuthViewModel.swift */ = {isa = PBXFileReference; lastKnownFileType = sourcecode.swift; path = AuthViewModel.swift; sourceTree = "<group>"; };
		7EAB2FED28CB9AA900C22951 /* ProfilePhotoSelectorView.swift */ = {isa = PBXFileReference; lastKnownFileType = sourcecode.swift; path = ProfilePhotoSelectorView.swift; sourceTree = "<group>"; };
		7EAB2FF028CBCBCC00C22951 /* ImagePicker.swift */ = {isa = PBXFileReference; lastKnownFileType = sourcecode.swift; path = ImagePicker.swift; sourceTree = "<group>"; };
		7EAB2FF328CBDB8D00C22951 /* ImageUploader.swift */ = {isa = PBXFileReference; lastKnownFileType = sourcecode.swift; path = ImageUploader.swift; sourceTree = "<group>"; };
		7EB9B65528C141BA001D7E8C /* TwitterC.app */ = {isa = PBXFileReference; explicitFileType = wrapper.application; includeInIndex = 0; path = TwitterC.app; sourceTree = BUILT_PRODUCTS_DIR; };
		7EB9B65828C141BA001D7E8C /* TwitterCApp.swift */ = {isa = PBXFileReference; lastKnownFileType = sourcecode.swift; path = TwitterCApp.swift; sourceTree = "<group>"; };
		7EB9B65A28C141BA001D7E8C /* ContentView.swift */ = {isa = PBXFileReference; lastKnownFileType = sourcecode.swift; path = ContentView.swift; sourceTree = "<group>"; };
		7EB9B65C28C141BB001D7E8C /* Assets.xcassets */ = {isa = PBXFileReference; lastKnownFileType = folder.assetcatalog; path = Assets.xcassets; sourceTree = "<group>"; };
		7EB9B65F28C141BB001D7E8C /* Preview Assets.xcassets */ = {isa = PBXFileReference; lastKnownFileType = folder.assetcatalog; path = "Preview Assets.xcassets"; sourceTree = "<group>"; };
/* End PBXFileReference section */

/* Begin PBXFrameworksBuildPhase section */
		7EB9B65228C141BA001D7E8C /* Frameworks */ = {
			isa = PBXFrameworksBuildPhase;
			buildActionMask = 2147483647;
			files = (
				7EAB2FE328CB7C2F00C22951 /* FirebaseAuth in Frameworks */,
				7EAB2FE928CB7C2F00C22951 /* FirebaseStorage in Frameworks */,
				7EAB2FE528CB7C2F00C22951 /* FirebaseFirestore in Frameworks */,
				7EAB2FE728CB7C2F00C22951 /* FirebaseFirestoreSwift in Frameworks */,
			);
			runOnlyForDeploymentPostprocessing = 0;
		};
/* End PBXFrameworksBuildPhase section */

/* Begin PBXGroup section */
		7E43B78128CB6E2800582E90 /* Core */ = {
			isa = PBXGroup;
			children = (
				7E43B78728CB6E2800582E90 /* Components */,
				7E43B7A028CB6E2800582E90 /* Authentication */,
				7E43B78228CB6E2800582E90 /* Messages */,
				7E43B78428CB6E2800582E90 /* Explore */,
				7E43B79028CB6E2800582E90 /* Profile */,
				7E43B79528CB6E2800582E90 /* Feed */,
				7E43B79828CB6E2800582E90 /* SideMenu */,
				7E43B79E28CB6E2800582E90 /* MainTab */,
				7E43B7A428CB6E2800582E90 /* Notifications */,
				7E43B7A628CB6E2800582E90 /* UploadTweet */,
			);
			name = Core;
			path = TwitterC/Core;
			sourceTree = SOURCE_ROOT;
		};
		7E43B78228CB6E2800582E90 /* Messages */ = {
			isa = PBXGroup;
			children = (
				7E43B78328CB6E2800582E90 /* MessagesView.swift */,
			);
			path = Messages;
			sourceTree = "<group>";
		};
		7E43B78428CB6E2800582E90 /* Explore */ = {
			isa = PBXGroup;
			children = (
				7E43B78528CB6E2800582E90 /* Views */,
			);
			path = Explore;
			sourceTree = "<group>";
		};
		7E43B78528CB6E2800582E90 /* Views */ = {
			isa = PBXGroup;
			children = (
				7E43B78628CB6E2800582E90 /* ExploreView.swift */,
			);
			path = Views;
			sourceTree = "<group>";
		};
		7E43B78728CB6E2800582E90 /* Components */ = {
			isa = PBXGroup;
			children = (
				7E43B7BC28CB753200582E90 /* Authentication */,
				7E43B78828CB6E2800582E90 /* Tweets */,
				7E43B78D28CB6E2800582E90 /* Users */,
			);
			path = Components;
			sourceTree = "<group>";
		};
		7E43B78828CB6E2800582E90 /* Tweets */ = {
			isa = PBXGroup;
			children = (
				7E43B78928CB6E2800582E90 /* TextArea.swift */,
				7E43B78A28CB6E2800582E90 /* TweetRowView.swift */,
				7E43B78B28CB6E2800582E90 /* RoundedShape.swift */,
				7E43B78C28CB6E2800582E90 /* CustomInputField.swift */,
			);
			path = Tweets;
			sourceTree = "<group>";
		};
		7E43B78D28CB6E2800582E90 /* Users */ = {
			isa = PBXGroup;
			children = (
				7E43B78E28CB6E2800582E90 /* UserRowView.swift */,
				7E43B78F28CB6E2800582E90 /* UserStatsView.swift */,
			);
			path = Users;
			sourceTree = "<group>";
		};
		7E43B79028CB6E2800582E90 /* Profile */ = {
			isa = PBXGroup;
			children = (
				7E43B79128CB6E2800582E90 /* ViewModels */,
				7E43B79328CB6E2800582E90 /* Views */,
			);
			path = Profile;
			sourceTree = "<group>";
		};
		7E43B79128CB6E2800582E90 /* ViewModels */ = {
			isa = PBXGroup;
			children = (
				7E43B79228CB6E2800582E90 /* TweetFilterViewModel.swift */,
			);
			path = ViewModels;
			sourceTree = "<group>";
		};
		7E43B79328CB6E2800582E90 /* Views */ = {
			isa = PBXGroup;
			children = (
				7E43B79428CB6E2800582E90 /* ProfileView.swift */,
			);
			path = Views;
			sourceTree = "<group>";
		};
		7E43B79528CB6E2800582E90 /* Feed */ = {
			isa = PBXGroup;
			children = (
				7E43B79628CB6E2800582E90 /* View */,
			);
			path = Feed;
			sourceTree = "<group>";
		};
		7E43B79628CB6E2800582E90 /* View */ = {
			isa = PBXGroup;
			children = (
				7E43B79728CB6E2800582E90 /* FeedView.swift */,
			);
			path = View;
			sourceTree = "<group>";
		};
		7E43B79828CB6E2800582E90 /* SideMenu */ = {
			isa = PBXGroup;
			children = (
				7E43B79928CB6E2800582E90 /* ViewModels */,
				7E43B79B28CB6E2800582E90 /* Views */,
			);
			path = SideMenu;
			sourceTree = "<group>";
		};
		7E43B79928CB6E2800582E90 /* ViewModels */ = {
			isa = PBXGroup;
			children = (
				7E43B79A28CB6E2800582E90 /* SideMenuViewModel.swift */,
			);
			path = ViewModels;
			sourceTree = "<group>";
		};
		7E43B79B28CB6E2800582E90 /* Views */ = {
			isa = PBXGroup;
			children = (
				7E43B79C28CB6E2800582E90 /* SideMenuOptionRowView.swift */,
				7E43B79D28CB6E2800582E90 /* SideMenuView.swift */,
			);
			path = Views;
			sourceTree = "<group>";
		};
		7E43B79E28CB6E2800582E90 /* MainTab */ = {
			isa = PBXGroup;
			children = (
				7E43B79F28CB6E2800582E90 /* MainTabView.swift */,
			);
			path = MainTab;
			sourceTree = "<group>";
		};
		7E43B7A028CB6E2800582E90 /* Authentication */ = {
			isa = PBXGroup;
			children = (
				7EAB2FEA28CB80A900C22951 /* ViewModel */,
				7E43B7A128CB6E2800582E90 /* Views */,
			);
			path = Authentication;
			sourceTree = "<group>";
		};
		7E43B7A128CB6E2800582E90 /* Views */ = {
			isa = PBXGroup;
			children = (
				7E43B7A328CB6E2800582E90 /* LoginView.swift */,
				7E43B7A228CB6E2800582E90 /* RegistrationView.swift */,
				7EAB2FED28CB9AA900C22951 /* ProfilePhotoSelectorView.swift */,
			);
			path = Views;
			sourceTree = "<group>";
		};
		7E43B7A428CB6E2800582E90 /* Notifications */ = {
			isa = PBXGroup;
			children = (
				7E43B7A528CB6E2800582E90 /* NotificationView.swift */,
			);
			path = Notifications;
			sourceTree = "<group>";
		};
		7E43B7A628CB6E2800582E90 /* UploadTweet */ = {
			isa = PBXGroup;
			children = (
				7E43B7A728CB6E2800582E90 /* Views */,
			);
			path = UploadTweet;
			sourceTree = "<group>";
		};
		7E43B7A728CB6E2800582E90 /* Views */ = {
			isa = PBXGroup;
			children = (
				7E43B7A828CB6E2800582E90 /* NewTeetView.swift */,
			);
			path = Views;
			sourceTree = "<group>";
		};
		7E43B7BC28CB753200582E90 /* Authentication */ = {
			isa = PBXGroup;
			children = (
				7E43B7BD28CB755100582E90 /* AuthHeaderView.swift */,
			);
			path = Authentication;
			sourceTree = "<group>";
		};
		7EAB2FEA28CB80A900C22951 /* ViewModel */ = {
			isa = PBXGroup;
			children = (
				7EAB2FEB28CB80B800C22951 /* AuthViewModel.swift */,
			);
			path = ViewModel;
			sourceTree = "<group>";
		};
		7EAB2FEF28CBCBC000C22951 /* Utils */ = {
			isa = PBXGroup;
			children = (
				7EAB2FF028CBCBCC00C22951 /* ImagePicker.swift */,
			);
			path = Utils;
			sourceTree = "<group>";
		};
		7EAB2FF228CBDB7F00C22951 /* Service */ = {
			isa = PBXGroup;
			children = (
				7EAB2FF328CBDB8D00C22951 /* ImageUploader.swift */,
			);
			path = Service;
			sourceTree = "<group>";
		};
		7EB9B64C28C141BA001D7E8C = {
			isa = PBXGroup;
			children = (
				7EB9B65728C141BA001D7E8C /* TwitterC */,
				7EB9B65628C141BA001D7E8C /* Products */,
			);
			sourceTree = "<group>";
		};
		7EB9B65628C141BA001D7E8C /* Products */ = {
			isa = PBXGroup;
			children = (
				7EB9B65528C141BA001D7E8C /* TwitterC.app */,
			);
			name = Products;
			sourceTree = "<group>";
		};
		7EB9B65728C141BA001D7E8C /* TwitterC */ = {
			isa = PBXGroup;
			children = (
				7EAB2FF228CBDB7F00C22951 /* Service */,
				7EAB2FEF28CBCBC000C22951 /* Utils */,
				7E43B78128CB6E2800582E90 /* Core */,
				7EB9B65828C141BA001D7E8C /* TwitterCApp.swift */,
				7EB9B65A28C141BA001D7E8C /* ContentView.swift */,
				7EB9B65C28C141BB001D7E8C /* Assets.xcassets */,
				7E43B7BF28CB78DE00582E90 /* GoogleService-Info.plist */,
				7EB9B65E28C141BB001D7E8C /* Preview Content */,
			);
			path = TwitterC;
			sourceTree = "<group>";
		};
		7EB9B65E28C141BB001D7E8C /* Preview Content */ = {
			isa = PBXGroup;
			children = (
				7EB9B65F28C141BB001D7E8C /* Preview Assets.xcassets */,
			);
			path = "Preview Content";
			sourceTree = "<group>";
		};
/* End PBXGroup section */

/* Begin PBXNativeTarget section */
		7EB9B65428C141BA001D7E8C /* TwitterC */ = {
			isa = PBXNativeTarget;
			buildConfigurationList = 7EB9B66328C141BB001D7E8C /* Build configuration list for PBXNativeTarget "TwitterC" */;
			buildPhases = (
				7EB9B65128C141BA001D7E8C /* Sources */,
				7EB9B65228C141BA001D7E8C /* Frameworks */,
				7EB9B65328C141BA001D7E8C /* Resources */,
			);
			buildRules = (
			);
			dependencies = (
			);
			name = TwitterC;
			packageProductDependencies = (
				7EAB2FE228CB7C2F00C22951 /* FirebaseAuth */,
				7EAB2FE428CB7C2F00C22951 /* FirebaseFirestore */,
				7EAB2FE628CB7C2F00C22951 /* FirebaseFirestoreSwift */,
				7EAB2FE828CB7C2F00C22951 /* FirebaseStorage */,
			);
			productName = TwitterC;
			productReference = 7EB9B65528C141BA001D7E8C /* TwitterC.app */;
			productType = "com.apple.product-type.application";
		};
/* End PBXNativeTarget section */

/* Begin PBXProject section */
		7EB9B64D28C141BA001D7E8C /* Project object */ = {
			isa = PBXProject;
			attributes = {
				BuildIndependentTargetsInParallel = 1;
				LastSwiftUpdateCheck = 1340;
				LastUpgradeCheck = 1340;
				TargetAttributes = {
					7EB9B65428C141BA001D7E8C = {
						CreatedOnToolsVersion = 13.4.1;
					};
				};
			};
			buildConfigurationList = 7EB9B65028C141BA001D7E8C /* Build configuration list for PBXProject "TwitterC" */;
			compatibilityVersion = "Xcode 13.0";
			developmentRegion = en;
			hasScannedForEncodings = 0;
			knownRegions = (
				en,
				Base,
			);
			mainGroup = 7EB9B64C28C141BA001D7E8C;
			packageReferences = (
				7EAB2FE128CB7C2F00C22951 /* XCRemoteSwiftPackageReference "firebase-ios-sdk" */,
			);
			productRefGroup = 7EB9B65628C141BA001D7E8C /* Products */;
			projectDirPath = "";
			projectRoot = "";
			targets = (
				7EB9B65428C141BA001D7E8C /* TwitterC */,
			);
		};
/* End PBXProject section */

/* Begin PBXResourcesBuildPhase section */
		7EB9B65328C141BA001D7E8C /* Resources */ = {
			isa = PBXResourcesBuildPhase;
			buildActionMask = 2147483647;
			files = (
				7E43B7C028CB78DE00582E90 /* GoogleService-Info.plist in Resources */,
				7EB9B66028C141BB001D7E8C /* Preview Assets.xcassets in Resources */,
				7EB9B65D28C141BB001D7E8C /* Assets.xcassets in Resources */,
			);
			runOnlyForDeploymentPostprocessing = 0;
		};
/* End PBXResourcesBuildPhase section */

/* Begin PBXSourcesBuildPhase section */
		7EB9B65128C141BA001D7E8C /* Sources */ = {
			isa = PBXSourcesBuildPhase;
			buildActionMask = 2147483647;
			files = (
				7E43B7AE28CB6E2800582E90 /* CustomInputField.swift in Sources */,
				7E43B7AF28CB6E2800582E90 /* UserRowView.swift in Sources */,
				7EAB2FF128CBCBCC00C22951 /* ImagePicker.swift in Sources */,
				7E43B7B628CB6E2800582E90 /* SideMenuView.swift in Sources */,
				7E43B7B828CB6E2800582E90 /* RegistrationView.swift in Sources */,
				7EAB2FF428CBDB8D00C22951 /* ImageUploader.swift in Sources */,
				7E43B7AD28CB6E2800582E90 /* RoundedShape.swift in Sources */,
				7EB9B65B28C141BA001D7E8C /* ContentView.swift in Sources */,
				7E43B7B228CB6E2800582E90 /* ProfileView.swift in Sources */,
				7EB9B65928C141BA001D7E8C /* TwitterCApp.swift in Sources */,
				7EAB2FEE28CB9AA900C22951 /* ProfilePhotoSelectorView.swift in Sources */,
				7E43B7AB28CB6E2800582E90 /* TextArea.swift in Sources */,
				7E43B7AA28CB6E2800582E90 /* ExploreView.swift in Sources */,
				7E43B7B728CB6E2800582E90 /* MainTabView.swift in Sources */,
				7E43B7A928CB6E2800582E90 /* MessagesView.swift in Sources */,
				7E43B7BB28CB6E2800582E90 /* NewTeetView.swift in Sources */,
				7E43B7B128CB6E2800582E90 /* TweetFilterViewModel.swift in Sources */,
				7E43B7B528CB6E2800582E90 /* SideMenuOptionRowView.swift in Sources */,
				7E43B7B428CB6E2800582E90 /* SideMenuViewModel.swift in Sources */,
				7E43B7BE28CB755100582E90 /* AuthHeaderView.swift in Sources */,
				7EAB2FEC28CB80B800C22951 /* AuthViewModel.swift in Sources */,
				7E43B7B328CB6E2800582E90 /* FeedView.swift in Sources */,
				7E43B7B928CB6E2800582E90 /* LoginView.swift in Sources */,
				7E43B7AC28CB6E2800582E90 /* TweetRowView.swift in Sources */,
				7E43B7B028CB6E2800582E90 /* UserStatsView.swift in Sources */,
				7E43B7BA28CB6E2800582E90 /* NotificationView.swift in Sources */,
			);
			runOnlyForDeploymentPostprocessing = 0;
		};
/* End PBXSourcesBuildPhase section */

/* Begin XCBuildConfiguration section */
		7EB9B66128C141BB001D7E8C /* Debug */ = {
			isa = XCBuildConfiguration;
			buildSettings = {
				ALWAYS_SEARCH_USER_PATHS = NO;
				CLANG_ANALYZER_NONNULL = YES;
				CLANG_ANALYZER_NUMBER_OBJECT_CONVERSION = YES_AGGRESSIVE;
				CLANG_CXX_LANGUAGE_STANDARD = "gnu++17";
				CLANG_ENABLE_MODULES = YES;
				CLANG_ENABLE_OBJC_ARC = YES;
				CLANG_ENABLE_OBJC_WEAK = YES;
				CLANG_WARN_BLOCK_CAPTURE_AUTORELEASING = YES;
				CLANG_WARN_BOOL_CONVERSION = YES;
				CLANG_WARN_COMMA = YES;
				CLANG_WARN_CONSTANT_CONVERSION = YES;
				CLANG_WARN_DEPRECATED_OBJC_IMPLEMENTATIONS = YES;
				CLANG_WARN_DIRECT_OBJC_ISA_USAGE = YES_ERROR;
				CLANG_WARN_DOCUMENTATION_COMMENTS = YES;
				CLANG_WARN_EMPTY_BODY = YES;
				CLANG_WARN_ENUM_CONVERSION = YES;
				CLANG_WARN_INFINITE_RECURSION = YES;
				CLANG_WARN_INT_CONVERSION = YES;
				CLANG_WARN_NON_LITERAL_NULL_CONVERSION = YES;
				CLANG_WARN_OBJC_IMPLICIT_RETAIN_SELF = YES;
				CLANG_WARN_OBJC_LITERAL_CONVERSION = YES;
				CLANG_WARN_OBJC_ROOT_CLASS = YES_ERROR;
				CLANG_WARN_QUOTED_INCLUDE_IN_FRAMEWORK_HEADER = YES;
				CLANG_WARN_RANGE_LOOP_ANALYSIS = YES;
				CLANG_WARN_STRICT_PROTOTYPES = YES;
				CLANG_WARN_SUSPICIOUS_MOVE = YES;
				CLANG_WARN_UNGUARDED_AVAILABILITY = YES_AGGRESSIVE;
				CLANG_WARN_UNREACHABLE_CODE = YES;
				CLANG_WARN__DUPLICATE_METHOD_MATCH = YES;
				COPY_PHASE_STRIP = NO;
				DEBUG_INFORMATION_FORMAT = dwarf;
				ENABLE_STRICT_OBJC_MSGSEND = YES;
				ENABLE_TESTABILITY = YES;
				GCC_C_LANGUAGE_STANDARD = gnu11;
				GCC_DYNAMIC_NO_PIC = NO;
				GCC_NO_COMMON_BLOCKS = YES;
				GCC_OPTIMIZATION_LEVEL = 0;
				GCC_PREPROCESSOR_DEFINITIONS = (
					"DEBUG=1",
					"$(inherited)",
				);
				GCC_WARN_64_TO_32_BIT_CONVERSION = YES;
				GCC_WARN_ABOUT_RETURN_TYPE = YES_ERROR;
				GCC_WARN_UNDECLARED_SELECTOR = YES;
				GCC_WARN_UNINITIALIZED_AUTOS = YES_AGGRESSIVE;
				GCC_WARN_UNUSED_FUNCTION = YES;
				GCC_WARN_UNUSED_VARIABLE = YES;
				IPHONEOS_DEPLOYMENT_TARGET = 15.5;
				MTL_ENABLE_DEBUG_INFO = INCLUDE_SOURCE;
				MTL_FAST_MATH = YES;
				ONLY_ACTIVE_ARCH = YES;
				SDKROOT = iphoneos;
				SWIFT_ACTIVE_COMPILATION_CONDITIONS = DEBUG;
				SWIFT_OPTIMIZATION_LEVEL = "-Onone";
			};
			name = Debug;
		};
		7EB9B66228C141BB001D7E8C /* Release */ = {
			isa = XCBuildConfiguration;
			buildSettings = {
				ALWAYS_SEARCH_USER_PATHS = NO;
				CLANG_ANALYZER_NONNULL = YES;
				CLANG_ANALYZER_NUMBER_OBJECT_CONVERSION = YES_AGGRESSIVE;
				CLANG_CXX_LANGUAGE_STANDARD = "gnu++17";
				CLANG_ENABLE_MODULES = YES;
				CLANG_ENABLE_OBJC_ARC = YES;
				CLANG_ENABLE_OBJC_WEAK = YES;
				CLANG_WARN_BLOCK_CAPTURE_AUTORELEASING = YES;
				CLANG_WARN_BOOL_CONVERSION = YES;
				CLANG_WARN_COMMA = YES;
				CLANG_WARN_CONSTANT_CONVERSION = YES;
				CLANG_WARN_DEPRECATED_OBJC_IMPLEMENTATIONS = YES;
				CLANG_WARN_DIRECT_OBJC_ISA_USAGE = YES_ERROR;
				CLANG_WARN_DOCUMENTATION_COMMENTS = YES;
				CLANG_WARN_EMPTY_BODY = YES;
				CLANG_WARN_ENUM_CONVERSION = YES;
				CLANG_WARN_INFINITE_RECURSION = YES;
				CLANG_WARN_INT_CONVERSION = YES;
				CLANG_WARN_NON_LITERAL_NULL_CONVERSION = YES;
				CLANG_WARN_OBJC_IMPLICIT_RETAIN_SELF = YES;
				CLANG_WARN_OBJC_LITERAL_CONVERSION = YES;
				CLANG_WARN_OBJC_ROOT_CLASS = YES_ERROR;
				CLANG_WARN_QUOTED_INCLUDE_IN_FRAMEWORK_HEADER = YES;
				CLANG_WARN_RANGE_LOOP_ANALYSIS = YES;
				CLANG_WARN_STRICT_PROTOTYPES = YES;
				CLANG_WARN_SUSPICIOUS_MOVE = YES;
				CLANG_WARN_UNGUARDED_AVAILABILITY = YES_AGGRESSIVE;
				CLANG_WARN_UNREACHABLE_CODE = YES;
				CLANG_WARN__DUPLICATE_METHOD_MATCH = YES;
				COPY_PHASE_STRIP = NO;
				DEBUG_INFORMATION_FORMAT = "dwarf-with-dsym";
				ENABLE_NS_ASSERTIONS = NO;
				ENABLE_STRICT_OBJC_MSGSEND = YES;
				GCC_C_LANGUAGE_STANDARD = gnu11;
				GCC_NO_COMMON_BLOCKS = YES;
				GCC_WARN_64_TO_32_BIT_CONVERSION = YES;
				GCC_WARN_ABOUT_RETURN_TYPE = YES_ERROR;
				GCC_WARN_UNDECLARED_SELECTOR = YES;
				GCC_WARN_UNINITIALIZED_AUTOS = YES_AGGRESSIVE;
				GCC_WARN_UNUSED_FUNCTION = YES;
				GCC_WARN_UNUSED_VARIABLE = YES;
				IPHONEOS_DEPLOYMENT_TARGET = 15.5;
				MTL_ENABLE_DEBUG_INFO = NO;
				MTL_FAST_MATH = YES;
				SDKROOT = iphoneos;
				SWIFT_COMPILATION_MODE = wholemodule;
				SWIFT_OPTIMIZATION_LEVEL = "-O";
				VALIDATE_PRODUCT = YES;
			};
			name = Release;
		};
		7EB9B66428C141BB001D7E8C /* Debug */ = {
			isa = XCBuildConfiguration;
			buildSettings = {
				ASSETCATALOG_COMPILER_APPICON_NAME = AppIcon;
				ASSETCATALOG_COMPILER_GLOBAL_ACCENT_COLOR_NAME = AccentColor;
				CODE_SIGN_STYLE = Automatic;
				CURRENT_PROJECT_VERSION = 1;
				DEVELOPMENT_ASSET_PATHS = "\"TwitterC/Preview Content\"";
				ENABLE_PREVIEWS = YES;
				GENERATE_INFOPLIST_FILE = YES;
				INFOPLIST_KEY_UIApplicationSceneManifest_Generation = YES;
				INFOPLIST_KEY_UIApplicationSupportsIndirectInputEvents = YES;
				INFOPLIST_KEY_UILaunchScreen_Generation = YES;
				INFOPLIST_KEY_UISupportedInterfaceOrientations_iPad = "UIInterfaceOrientationPortrait UIInterfaceOrientationPortraitUpsideDown UIInterfaceOrientationLandscapeLeft UIInterfaceOrientationLandscapeRight";
				INFOPLIST_KEY_UISupportedInterfaceOrientations_iPhone = "UIInterfaceOrientationPortrait UIInterfaceOrientationLandscapeLeft UIInterfaceOrientationLandscapeRight";
				LD_RUNPATH_SEARCH_PATHS = (
					"$(inherited)",
					"@executable_path/Frameworks",
				);
				MARKETING_VERSION = 1.0;
				PRODUCT_BUNDLE_IDENTIFIER = dev.aigonzalez.TwitterC;
				PRODUCT_NAME = "$(TARGET_NAME)";
				SWIFT_EMIT_LOC_STRINGS = YES;
				SWIFT_VERSION = 5.0;
				TARGETED_DEVICE_FAMILY = "1,2";
			};
			name = Debug;
		};
		7EB9B66528C141BB001D7E8C /* Release */ = {
			isa = XCBuildConfiguration;
			buildSettings = {
				ASSETCATALOG_COMPILER_APPICON_NAME = AppIcon;
				ASSETCATALOG_COMPILER_GLOBAL_ACCENT_COLOR_NAME = AccentColor;
				CODE_SIGN_STYLE = Automatic;
				CURRENT_PROJECT_VERSION = 1;
				DEVELOPMENT_ASSET_PATHS = "\"TwitterC/Preview Content\"";
				ENABLE_PREVIEWS = YES;
				GENERATE_INFOPLIST_FILE = YES;
				INFOPLIST_KEY_UIApplicationSceneManifest_Generation = YES;
				INFOPLIST_KEY_UIApplicationSupportsIndirectInputEvents = YES;
				INFOPLIST_KEY_UILaunchScreen_Generation = YES;
				INFOPLIST_KEY_UISupportedInterfaceOrientations_iPad = "UIInterfaceOrientationPortrait UIInterfaceOrientationPortraitUpsideDown UIInterfaceOrientationLandscapeLeft UIInterfaceOrientationLandscapeRight";
				INFOPLIST_KEY_UISupportedInterfaceOrientations_iPhone = "UIInterfaceOrientationPortrait UIInterfaceOrientationLandscapeLeft UIInterfaceOrientationLandscapeRight";
				LD_RUNPATH_SEARCH_PATHS = (
					"$(inherited)",
					"@executable_path/Frameworks",
				);
				MARKETING_VERSION = 1.0;
				PRODUCT_BUNDLE_IDENTIFIER = dev.aigonzalez.TwitterC;
				PRODUCT_NAME = "$(TARGET_NAME)";
				SWIFT_EMIT_LOC_STRINGS = YES;
				SWIFT_VERSION = 5.0;
				TARGETED_DEVICE_FAMILY = "1,2";
			};
			name = Release;
		};
/* End XCBuildConfiguration section */

/* Begin XCConfigurationList section */
		7EB9B65028C141BA001D7E8C /* Build configuration list for PBXProject "TwitterC" */ = {
			isa = XCConfigurationList;
			buildConfigurations = (
				7EB9B66128C141BB001D7E8C /* Debug */,
				7EB9B66228C141BB001D7E8C /* Release */,
			);
			defaultConfigurationIsVisible = 0;
			defaultConfigurationName = Release;
		};
		7EB9B66328C141BB001D7E8C /* Build configuration list for PBXNativeTarget "TwitterC" */ = {
			isa = XCConfigurationList;
			buildConfigurations = (
				7EB9B66428C141BB001D7E8C /* Debug */,
				7EB9B66528C141BB001D7E8C /* Release */,
			);
			defaultConfigurationIsVisible = 0;
			defaultConfigurationName = Release;
		};
/* End XCConfigurationList section */

/* Begin XCRemoteSwiftPackageReference section */
		7EAB2FE128CB7C2F00C22951 /* XCRemoteSwiftPackageReference "firebase-ios-sdk" */ = {
			isa = XCRemoteSwiftPackageReference;
			repositoryURL = "https://github.com/firebase/firebase-ios-sdk";
			requirement = {
				kind = upToNextMajorVersion;
				minimumVersion = 9.0.0;
			};
		};
/* End XCRemoteSwiftPackageReference section */

/* Begin XCSwiftPackageProductDependency section */
		7EAB2FE228CB7C2F00C22951 /* FirebaseAuth */ = {
			isa = XCSwiftPackageProductDependency;
			package = 7EAB2FE128CB7C2F00C22951 /* XCRemoteSwiftPackageReference "firebase-ios-sdk" */;
			productName = FirebaseAuth;
		};
		7EAB2FE428CB7C2F00C22951 /* FirebaseFirestore */ = {
			isa = XCSwiftPackageProductDependency;
			package = 7EAB2FE128CB7C2F00C22951 /* XCRemoteSwiftPackageReference "firebase-ios-sdk" */;
			productName = FirebaseFirestore;
		};
		7EAB2FE628CB7C2F00C22951 /* FirebaseFirestoreSwift */ = {
			isa = XCSwiftPackageProductDependency;
			package = 7EAB2FE128CB7C2F00C22951 /* XCRemoteSwiftPackageReference "firebase-ios-sdk" */;
			productName = FirebaseFirestoreSwift;
		};
		7EAB2FE828CB7C2F00C22951 /* FirebaseStorage */ = {
			isa = XCSwiftPackageProductDependency;
			package = 7EAB2FE128CB7C2F00C22951 /* XCRemoteSwiftPackageReference "firebase-ios-sdk" */;
			productName = FirebaseStorage;
		};
/* End XCSwiftPackageProductDependency section */
	};
	rootObject = 7EB9B64D28C141BA001D7E8C /* Project object */;
}
